
Microsoft Visual Studio Solution File, Format Version 12.00
# Visual Studio Version 17
VisualStudioVersion = 17.10.35013.160
MinimumVisualStudioVersion = 10.0.40219.1
Project("{FAE04EC0-301F-11D3-BF4B-00C04F79EFBC}") = "DotNetProject", "DotNetProject\DotNetProject.csproj", "{5DC0E9B6-C575-4D55-87A2-036E72AE0247}"
EndProject
Global
	GlobalSection(SolutionConfigurationPlatforms) = preSolution
		Debug|Any CPU = Debug|Any CPU
		Release|Any CPU = Release|Any CPU
	EndGlobalSection
	GlobalSection(ProjectConfigurationPlatforms) = postSolution
		{5DC0E9B6-C575-4D55-87A2-036E72AE0247}.Debug|Any CPU.ActiveCfg = Debug|Any CPU
		{5DC0E9B6-C575-4D55-87A2-036E72AE0247}.Debug|Any CPU.Build.0 = Debug|Any CPU
		{5DC0E9B6-C575-4D55-87A2-036E72AE0247}.Release|Any CPU.ActiveCfg = Release|Any CPU
		{5DC0E9B6-C575-4D55-87A2-036E72AE0247}.Release|Any CPU.Build.0 = Release|Any CPU
	EndGlobalSection
	GlobalSection(SolutionProperties) = preSolution
		HideSolutionNode = FALSE
	EndGlobalSection
	GlobalSection(ExtensibilityGlobals) = postSolution
		SolutionGuid = {42469859-95A7-4E48-BB93-C0E911E81266}
	EndGlobalSection
EndGlobal
